
Microsoft Visual Studio Solution File, Format Version 12.00
# Visual Studio Version 16
VisualStudioVersion = 16.0.29728.190
MinimumVisualStudioVersion = 10.0.40219.1
Project("{FAE04EC0-301F-11D3-BF4B-00C04F79EFBC}") = "WpfApp1", "WpfApp1\WpfApp1.csproj", "{8F3197C5-B520-4526-9C57-6E65D23FE069}"
EndProject
Global
	GlobalSection(SolutionConfigurationPlatforms) = preSolution
		Debug|Any CPU = Debug|Any CPU
		Release|Any CPU = Release|Any CPU
	EndGlobalSection
	GlobalSection(ProjectConfigurationPlatforms) = postSolution
		{8F3197C5-B520-4526-9C57-6E65D23FE069}.Debug|Any CPU.ActiveCfg = Debug|Any CPU
		{8F3197C5-B520-4526-9C57-6E65D23FE069}.Debug|Any CPU.Build.0 = Debug|Any CPU
		{8F3197C5-B520-4526-9C57-6E65D23FE069}.Release|Any CPU.ActiveCfg = Release|Any CPU
		{8F3197C5-B520-4526-9C57-6E65D23FE069}.Release|Any CPU.Build.0 = Release|Any CPU
	EndGlobalSection
	GlobalSection(SolutionProperties) = preSolution
		HideSolutionNode = FALSE
	EndGlobalSection
	GlobalSection(ExtensibilityGlobals) = postSolution
		SolutionGuid = {A245CA72-5425-424C-ADD1-63F93AC84D69}
	EndGlobalSection
EndGlobal
